// !$*UTF8*$!
{
	archiveVersion = 1;
	classes = {
	};
	objectVersion = 50;
	objects = {

/* Begin PBXBuildFile section */
		2519BB1924DE91E3000F5FFC /* APIHelper.swift in Sources */ = {isa = PBXBuildFile; fileRef = 2519BB1824DE91E3000F5FFC /* APIHelper.swift */; };
		2519BB1B24DFB210000F5FFC /* WaterDispenserDataset.swift in Sources */ = {isa = PBXBuildFile; fileRef = 2519BB1A24DFB210000F5FFC /* WaterDispenserDataset.swift */; };
		2519BB1D24DFB2DA000F5FFC /* TapWaterDataset.swift in Sources */ = {isa = PBXBuildFile; fileRef = 2519BB1C24DFB2DA000F5FFC /* TapWaterDataset.swift */; };
		2519BB1F24DFBD7B000F5FFC /* FreeWifiDataset.swift in Sources */ = {isa = PBXBuildFile; fileRef = 2519BB1E24DFBD7B000F5FFC /* FreeWifiDataset.swift */; };
		2519BB2B24DFC0C7000F5FFC /* wifi_pin2.png in Resources */ = {isa = PBXBuildFile; fileRef = 2519BB2124DFC0C7000F5FFC /* wifi_pin2.png */; };
		2519BB2C24DFC0C7000F5FFC /* water_pin@2x.png in Resources */ = {isa = PBXBuildFile; fileRef = 2519BB2224DFC0C7000F5FFC /* water_pin@2x.png */; };
		2519BB2D24DFC0C7000F5FFC /* wd_pin@2x.png in Resources */ = {isa = PBXBuildFile; fileRef = 2519BB2324DFC0C7000F5FFC /* wd_pin@2x.png */; };
		2519BB2E24DFC0C7000F5FFC /* trash_pin.png in Resources */ = {isa = PBXBuildFile; fileRef = 2519BB2424DFC0C7000F5FFC /* trash_pin.png */; };
		2519BB2F24DFC0C7000F5FFC /* wd_pin.png in Resources */ = {isa = PBXBuildFile; fileRef = 2519BB2524DFC0C7000F5FFC /* wd_pin.png */; };
		2519BB3024DFC0C7000F5FFC /* toilet_pin@2x.png in Resources */ = {isa = PBXBuildFile; fileRef = 2519BB2624DFC0C7000F5FFC /* toilet_pin@2x.png */; };
		2519BB3124DFC0C7000F5FFC /* trash_pin@2x.png in Resources */ = {isa = PBXBuildFile; fileRef = 2519BB2724DFC0C7000F5FFC /* trash_pin@2x.png */; };
		2519BB3224DFC0C7000F5FFC /* toilet_pin.png in Resources */ = {isa = PBXBuildFile; fileRef = 2519BB2824DFC0C7000F5FFC /* toilet_pin.png */; };
		2519BB3324DFC0C7000F5FFC /* water_pin.png in Resources */ = {isa = PBXBuildFile; fileRef = 2519BB2924DFC0C7000F5FFC /* water_pin.png */; };
		2519BB3424DFC0C7000F5FFC /* wifi_pin2@2x.png in Resources */ = {isa = PBXBuildFile; fileRef = 2519BB2A24DFC0C7000F5FFC /* wifi_pin2@2x.png */; };
		2519BB3724DFC0EC000F5FFC /* bicycle_pin2.png in Resources */ = {isa = PBXBuildFile; fileRef = 2519BB3524DFC0EC000F5FFC /* bicycle_pin2.png */; };
		2519BB3824DFC0EC000F5FFC /* bicycle_pin2@2x.png in Resources */ = {isa = PBXBuildFile; fileRef = 2519BB3624DFC0EC000F5FFC /* bicycle_pin2@2x.png */; };
		2519BB3A24DFFCF6000F5FFC /* WaterDispenserAnnotation.swift in Sources */ = {isa = PBXBuildFile; fileRef = 2519BB3924DFFCF6000F5FFC /* WaterDispenserAnnotation.swift */; };
		2519BB3C24DFFD91000F5FFC /* WaterDispenserAnnotationView.swift in Sources */ = {isa = PBXBuildFile; fileRef = 2519BB3B24DFFD91000F5FFC /* WaterDispenserAnnotationView.swift */; };
		25C112E324DE67460067BAFE /* AppDelegate.swift in Sources */ = {isa = PBXBuildFile; fileRef = 25C112E224DE67460067BAFE /* AppDelegate.swift */; };
		25C112E524DE67460067BAFE /* ViewController.swift in Sources */ = {isa = PBXBuildFile; fileRef = 25C112E424DE67460067BAFE /* ViewController.swift */; };
		25C112E724DE67480067BAFE /* Assets.xcassets in Resources */ = {isa = PBXBuildFile; fileRef = 25C112E624DE67480067BAFE /* Assets.xcassets */; };
		25C112EA24DE67480067BAFE /* Main.storyboard in Resources */ = {isa = PBXBuildFile; fileRef = 25C112E824DE67480067BAFE /* Main.storyboard */; };
/* End PBXBuildFile section */

/* Begin PBXFileReference section */
		2519BB1824DE91E3000F5FFC /* APIHelper.swift */ = {isa = PBXFileReference; lastKnownFileType = sourcecode.swift; path = APIHelper.swift; sourceTree = "<group>"; };
		2519BB1A24DFB210000F5FFC /* WaterDispenserDataset.swift */ = {isa = PBXFileReference; lastKnownFileType = sourcecode.swift; path = WaterDispenserDataset.swift; sourceTree = "<group>"; };
		2519BB1C24DFB2DA000F5FFC /* TapWaterDataset.swift */ = {isa = PBXFileReference; lastKnownFileType = sourcecode.swift; path = TapWaterDataset.swift; sourceTree = "<group>"; };
		2519BB1E24DFBD7B000F5FFC /* FreeWifiDataset.swift */ = {isa = PBXFileReference; lastKnownFileType = sourcecode.swift; path = FreeWifiDataset.swift; sourceTree = "<group>"; };
		2519BB2124DFC0C7000F5FFC /* wifi_pin2.png */ = {isa = PBXFileReference; lastKnownFileType = image.png; path = wifi_pin2.png; sourceTree = "<group>"; };
		2519BB2224DFC0C7000F5FFC /* water_pin@2x.png */ = {isa = PBXFileReference; lastKnownFileType = image.png; path = "water_pin@2x.png"; sourceTree = "<group>"; };
		2519BB2324DFC0C7000F5FFC /* wd_pin@2x.png */ = {isa = PBXFileReference; lastKnownFileType = image.png; path = "wd_pin@2x.png"; sourceTree = "<group>"; };
		2519BB2424DFC0C7000F5FFC /* trash_pin.png */ = {isa = PBXFileReference; lastKnownFileType = image.png; path = trash_pin.png; sourceTree = "<group>"; };
		2519BB2524DFC0C7000F5FFC /* wd_pin.png */ = {isa = PBXFileReference; lastKnownFileType = image.png; path = wd_pin.png; sourceTree = "<group>"; };
		2519BB2624DFC0C7000F5FFC /* toilet_pin@2x.png */ = {isa = PBXFileReference; lastKnownFileType = image.png; path = "toilet_pin@2x.png"; sourceTree = "<group>"; };
		2519BB2724DFC0C7000F5FFC /* trash_pin@2x.png */ = {isa = PBXFileReference; lastKnownFileType = image.png; path = "trash_pin@2x.png"; sourceTree = "<group>"; };
		2519BB2824DFC0C7000F5FFC /* toilet_pin.png */ = {isa = PBXFileReference; lastKnownFileType = image.png; path = toilet_pin.png; sourceTree = "<group>"; };
		2519BB2924DFC0C7000F5FFC /* water_pin.png */ = {isa = PBXFileReference; lastKnownFileType = image.png; path = water_pin.png; sourceTree = "<group>"; };
		2519BB2A24DFC0C7000F5FFC /* wifi_pin2@2x.png */ = {isa = PBXFileReference; lastKnownFileType = image.png; path = "wifi_pin2@2x.png"; sourceTree = "<group>"; };
		2519BB3524DFC0EC000F5FFC /* bicycle_pin2.png */ = {isa = PBXFileReference; lastKnownFileType = image.png; path = bicycle_pin2.png; sourceTree = "<group>"; };
		2519BB3624DFC0EC000F5FFC /* bicycle_pin2@2x.png */ = {isa = PBXFileReference; lastKnownFileType = image.png; path = "bicycle_pin2@2x.png"; sourceTree = "<group>"; };
		2519BB3924DFFCF6000F5FFC /* WaterDispenserAnnotation.swift */ = {isa = PBXFileReference; lastKnownFileType = sourcecode.swift; path = WaterDispenserAnnotation.swift; sourceTree = "<group>"; };
		2519BB3B24DFFD91000F5FFC /* WaterDispenserAnnotationView.swift */ = {isa = PBXFileReference; lastKnownFileType = sourcecode.swift; path = WaterDispenserAnnotationView.swift; sourceTree = "<group>"; };
		25C112DF24DE67460067BAFE /* Taipei Maps.app */ = {isa = PBXFileReference; explicitFileType = wrapper.application; includeInIndex = 0; path = "Taipei Maps.app"; sourceTree = BUILT_PRODUCTS_DIR; };
		25C112E224DE67460067BAFE /* AppDelegate.swift */ = {isa = PBXFileReference; lastKnownFileType = sourcecode.swift; path = AppDelegate.swift; sourceTree = "<group>"; };
		25C112E424DE67460067BAFE /* ViewController.swift */ = {isa = PBXFileReference; lastKnownFileType = sourcecode.swift; path = ViewController.swift; sourceTree = "<group>"; };
		25C112E624DE67480067BAFE /* Assets.xcassets */ = {isa = PBXFileReference; lastKnownFileType = folder.assetcatalog; path = Assets.xcassets; sourceTree = "<group>"; };
		25C112E924DE67480067BAFE /* Base */ = {isa = PBXFileReference; lastKnownFileType = file.storyboard; name = Base; path = Base.lproj/Main.storyboard; sourceTree = "<group>"; };
		25C112EB24DE67480067BAFE /* Info.plist */ = {isa = PBXFileReference; lastKnownFileType = text.plist.xml; path = Info.plist; sourceTree = "<group>"; };
		25C112EC24DE67480067BAFE /* Taipei_Maps.entitlements */ = {isa = PBXFileReference; lastKnownFileType = text.plist.entitlements; path = Taipei_Maps.entitlements; sourceTree = "<group>"; };
/* End PBXFileReference section */

/* Begin PBXFrameworksBuildPhase section */
		25C112DC24DE67460067BAFE /* Frameworks */ = {
			isa = PBXFrameworksBuildPhase;
			buildActionMask = 2147483647;
			files = (
			);
			runOnlyForDeploymentPostprocessing = 0;
		};
/* End PBXFrameworksBuildPhase section */

/* Begin PBXGroup section */
		2519BB1624DE91AB000F5FFC /* Helper */ = {
			isa = PBXGroup;
			children = (
				2519BB1824DE91E3000F5FFC /* APIHelper.swift */,
				2519BB1A24DFB210000F5FFC /* WaterDispenserDataset.swift */,
				2519BB1C24DFB2DA000F5FFC /* TapWaterDataset.swift */,
				2519BB1E24DFBD7B000F5FFC /* FreeWifiDataset.swift */,
			);
			path = Helper;
			sourceTree = "<group>";
		};
		2519BB1724DE91B8000F5FFC /* Views */ = {
			isa = PBXGroup;
			children = (
				2519BB3924DFFCF6000F5FFC /* WaterDispenserAnnotation.swift */,
				2519BB3B24DFFD91000F5FFC /* WaterDispenserAnnotationView.swift */,
			);
			path = Views;
			sourceTree = "<group>";
		};
		2519BB2024DFBFE6000F5FFC /* imgs */ = {
			isa = PBXGroup;
			children = (
				2519BB3524DFC0EC000F5FFC /* bicycle_pin2.png */,
				2519BB3624DFC0EC000F5FFC /* bicycle_pin2@2x.png */,
				2519BB2824DFC0C7000F5FFC /* toilet_pin.png */,
				2519BB2624DFC0C7000F5FFC /* toilet_pin@2x.png */,
				2519BB2424DFC0C7000F5FFC /* trash_pin.png */,
				2519BB2724DFC0C7000F5FFC /* trash_pin@2x.png */,
				2519BB2924DFC0C7000F5FFC /* water_pin.png */,
				2519BB2224DFC0C7000F5FFC /* water_pin@2x.png */,
				2519BB2524DFC0C7000F5FFC /* wd_pin.png */,
				2519BB2324DFC0C7000F5FFC /* wd_pin@2x.png */,
				2519BB2124DFC0C7000F5FFC /* wifi_pin2.png */,
				2519BB2A24DFC0C7000F5FFC /* wifi_pin2@2x.png */,
			);
			path = imgs;
			sourceTree = "<group>";
		};
		25C112D624DE67460067BAFE = {
			isa = PBXGroup;
			children = (
				25C112E124DE67460067BAFE /* Taipei Maps */,
				25C112E024DE67460067BAFE /* Products */,
			);
			sourceTree = "<group>";
		};
		25C112E024DE67460067BAFE /* Products */ = {
			isa = PBXGroup;
			children = (
				25C112DF24DE67460067BAFE /* Taipei Maps.app */,
			);
			name = Products;
			sourceTree = "<group>";
		};
		25C112E124DE67460067BAFE /* Taipei Maps */ = {
			isa = PBXGroup;
			children = (
				2519BB2024DFBFE6000F5FFC /* imgs */,
				2519BB1624DE91AB000F5FFC /* Helper */,
				2519BB1724DE91B8000F5FFC /* Views */,
				25C112E224DE67460067BAFE /* AppDelegate.swift */,
				25C112E424DE67460067BAFE /* ViewController.swift */,
				25C112E624DE67480067BAFE /* Assets.xcassets */,
				25C112E824DE67480067BAFE /* Main.storyboard */,
				25C112EB24DE67480067BAFE /* Info.plist */,
				25C112EC24DE67480067BAFE /* Taipei_Maps.entitlements */,
			);
			path = "Taipei Maps";
			sourceTree = "<group>";
		};
/* End PBXGroup section */

/* Begin PBXNativeTarget section */
		25C112DE24DE67460067BAFE /* Taipei Maps */ = {
			isa = PBXNativeTarget;
			buildConfigurationList = 25C112EF24DE67480067BAFE /* Build configuration list for PBXNativeTarget "Taipei Maps" */;
			buildPhases = (
				25C112DB24DE67460067BAFE /* Sources */,
				25C112DC24DE67460067BAFE /* Frameworks */,
				25C112DD24DE67460067BAFE /* Resources */,
			);
			buildRules = (
			);
			dependencies = (
			);
			name = "Taipei Maps";
			productName = "Taipei Maps";
			productReference = 25C112DF24DE67460067BAFE /* Taipei Maps.app */;
			productType = "com.apple.product-type.application";
		};
/* End PBXNativeTarget section */

/* Begin PBXProject section */
		25C112D724DE67460067BAFE /* Project object */ = {
			isa = PBXProject;
			attributes = {
				LastSwiftUpdateCheck = 1160;
				LastUpgradeCheck = 1160;
				ORGANIZATIONNAME = "Wei-Cheng Ling";
				TargetAttributes = {
					25C112DE24DE67460067BAFE = {
						CreatedOnToolsVersion = 11.6;
					};
				};
			};
			buildConfigurationList = 25C112DA24DE67460067BAFE /* Build configuration list for PBXProject "Taipei Maps" */;
			compatibilityVersion = "Xcode 9.3";
			developmentRegion = en;
			hasScannedForEncodings = 0;
			knownRegions = (
				en,
				Base,
			);
			mainGroup = 25C112D624DE67460067BAFE;
			productRefGroup = 25C112E024DE67460067BAFE /* Products */;
			projectDirPath = "";
			projectRoot = "";
			targets = (
				25C112DE24DE67460067BAFE /* Taipei Maps */,
			);
		};
/* End PBXProject section */

/* Begin PBXResourcesBuildPhase section */
		25C112DD24DE67460067BAFE /* Resources */ = {
			isa = PBXResourcesBuildPhase;
			buildActionMask = 2147483647;
			files = (
				25C112E724DE67480067BAFE /* Assets.xcassets in Resources */,
				2519BB3824DFC0EC000F5FFC /* bicycle_pin2@2x.png in Resources */,
				2519BB2B24DFC0C7000F5FFC /* wifi_pin2.png in Resources */,
				2519BB3724DFC0EC000F5FFC /* bicycle_pin2.png in Resources */,
				2519BB2C24DFC0C7000F5FFC /* water_pin@2x.png in Resources */,
				2519BB2F24DFC0C7000F5FFC /* wd_pin.png in Resources */,
				2519BB3424DFC0C7000F5FFC /* wifi_pin2@2x.png in Resources */,
				2519BB3224DFC0C7000F5FFC /* toilet_pin.png in Resources */,
				2519BB2D24DFC0C7000F5FFC /* wd_pin@2x.png in Resources */,
				2519BB3024DFC0C7000F5FFC /* toilet_pin@2x.png in Resources */,
				2519BB2E24DFC0C7000F5FFC /* trash_pin.png in Resources */,
				25C112EA24DE67480067BAFE /* Main.storyboard in Resources */,
				2519BB3124DFC0C7000F5FFC /* trash_pin@2x.png in Resources */,
				2519BB3324DFC0C7000F5FFC /* water_pin.png in Resources */,
			);
			runOnlyForDeploymentPostprocessing = 0;
		};
/* End PBXResourcesBuildPhase section */

/* Begin PBXSourcesBuildPhase section */
		25C112DB24DE67460067BAFE /* Sources */ = {
			isa = PBXSourcesBuildPhase;
			buildActionMask = 2147483647;
			files = (
				2519BB1D24DFB2DA000F5FFC /* TapWaterDataset.swift in Sources */,
				2519BB3A24DFFCF6000F5FFC /* WaterDispenserAnnotation.swift in Sources */,
				2519BB1B24DFB210000F5FFC /* WaterDispenserDataset.swift in Sources */,
				2519BB1924DE91E3000F5FFC /* APIHelper.swift in Sources */,
				2519BB1F24DFBD7B000F5FFC /* FreeWifiDataset.swift in Sources */,
				25C112E524DE67460067BAFE /* ViewController.swift in Sources */,
				25C112E324DE67460067BAFE /* AppDelegate.swift in Sources */,
				2519BB3C24DFFD91000F5FFC /* WaterDispenserAnnotationView.swift in Sources */,
			);
			runOnlyForDeploymentPostprocessing = 0;
		};
/* End PBXSourcesBuildPhase section */

/* Begin PBXVariantGroup section */
		25C112E824DE67480067BAFE /* Main.storyboard */ = {
			isa = PBXVariantGroup;
			children = (
				25C112E924DE67480067BAFE /* Base */,
			);
			name = Main.storyboard;
			sourceTree = "<group>";
		};
/* End PBXVariantGroup section */

/* Begin XCBuildConfiguration section */
		25C112ED24DE67480067BAFE /* Debug */ = {
			isa = XCBuildConfiguration;
			buildSettings = {
				ALWAYS_SEARCH_USER_PATHS = NO;
				CLANG_ANALYZER_NONNULL = YES;
				CLANG_ANALYZER_NUMBER_OBJECT_CONVERSION = YES_AGGRESSIVE;
				CLANG_CXX_LANGUAGE_STANDARD = "gnu++14";
				CLANG_CXX_LIBRARY = "libc++";
				CLANG_ENABLE_MODULES = YES;
				CLANG_ENABLE_OBJC_ARC = YES;
				CLANG_ENABLE_OBJC_WEAK = YES;
				CLANG_WARN_BLOCK_CAPTURE_AUTORELEASING = YES;
				CLANG_WARN_BOOL_CONVERSION = YES;
				CLANG_WARN_COMMA = YES;
				CLANG_WARN_CONSTANT_CONVERSION = YES;
				CLANG_WARN_DEPRECATED_OBJC_IMPLEMENTATIONS = YES;
				CLANG_WARN_DIRECT_OBJC_ISA_USAGE = YES_ERROR;
				CLANG_WARN_DOCUMENTATION_COMMENTS = YES;
				CLANG_WARN_EMPTY_BODY = YES;
				CLANG_WARN_ENUM_CONVERSION = YES;
				CLANG_WARN_INFINITE_RECURSION = YES;
				CLANG_WARN_INT_CONVERSION = YES;
				CLANG_WARN_NON_LITERAL_NULL_CONVERSION = YES;
				CLANG_WARN_OBJC_IMPLICIT_RETAIN_SELF = YES;
				CLANG_WARN_OBJC_LITERAL_CONVERSION = YES;
				CLANG_WARN_OBJC_ROOT_CLASS = YES_ERROR;
				CLANG_WARN_RANGE_LOOP_ANALYSIS = YES;
				CLANG_WARN_STRICT_PROTOTYPES = YES;
				CLANG_WARN_SUSPICIOUS_MOVE = YES;
				CLANG_WARN_UNGUARDED_AVAILABILITY = YES_AGGRESSIVE;
				CLANG_WARN_UNREACHABLE_CODE = YES;
				CLANG_WARN__DUPLICATE_METHOD_MATCH = YES;
				COPY_PHASE_STRIP = NO;
				DEBUG_INFORMATION_FORMAT = dwarf;
				ENABLE_STRICT_OBJC_MSGSEND = YES;
				ENABLE_TESTABILITY = YES;
				GCC_C_LANGUAGE_STANDARD = gnu11;
				GCC_DYNAMIC_NO_PIC = NO;
				GCC_NO_COMMON_BLOCKS = YES;
				GCC_OPTIMIZATION_LEVEL = 0;
				GCC_PREPROCESSOR_DEFINITIONS = (
					"DEBUG=1",
					"$(inherited)",
				);
				GCC_WARN_64_TO_32_BIT_CONVERSION = YES;
				GCC_WARN_ABOUT_RETURN_TYPE = YES_ERROR;
				GCC_WARN_UNDECLARED_SELECTOR = YES;
				GCC_WARN_UNINITIALIZED_AUTOS = YES_AGGRESSIVE;
				GCC_WARN_UNUSED_FUNCTION = YES;
				GCC_WARN_UNUSED_VARIABLE = YES;
				MACOSX_DEPLOYMENT_TARGET = 10.15;
				MTL_ENABLE_DEBUG_INFO = INCLUDE_SOURCE;
				MTL_FAST_MATH = YES;
				ONLY_ACTIVE_ARCH = YES;
				SDKROOT = macosx;
				SWIFT_ACTIVE_COMPILATION_CONDITIONS = DEBUG;
				SWIFT_OPTIMIZATION_LEVEL = "-Onone";
			};
			name = Debug;
		};
		25C112EE24DE67480067BAFE /* Release */ = {
			isa = XCBuildConfiguration;
			buildSettings = {
				ALWAYS_SEARCH_USER_PATHS = NO;
				CLANG_ANALYZER_NONNULL = YES;
				CLANG_ANALYZER_NUMBER_OBJECT_CONVERSION = YES_AGGRESSIVE;
				CLANG_CXX_LANGUAGE_STANDARD = "gnu++14";
				CLANG_CXX_LIBRARY = "libc++";
				CLANG_ENABLE_MODULES = YES;
				CLANG_ENABLE_OBJC_ARC = YES;
				CLANG_ENABLE_OBJC_WEAK = YES;
				CLANG_WARN_BLOCK_CAPTURE_AUTORELEASING = YES;
				CLANG_WARN_BOOL_CONVERSION = YES;
				CLANG_WARN_COMMA = YES;
				CLANG_WARN_CONSTANT_CONVERSION = YES;
				CLANG_WARN_DEPRECATED_OBJC_IMPLEMENTATIONS = YES;
				CLANG_WARN_DIRECT_OBJC_ISA_USAGE = YES_ERROR;
				CLANG_WARN_DOCUMENTATION_COMMENTS = YES;
				CLANG_WARN_EMPTY_BODY = YES;
				CLANG_WARN_ENUM_CONVERSION = YES;
				CLANG_WARN_INFINITE_RECURSION = YES;
				CLANG_WARN_INT_CONVERSION = YES;
				CLANG_WARN_NON_LITERAL_NULL_CONVERSION = YES;
				CLANG_WARN_OBJC_IMPLICIT_RETAIN_SELF = YES;
				CLANG_WARN_OBJC_LITERAL_CONVERSION = YES;
				CLANG_WARN_OBJC_ROOT_CLASS = YES_ERROR;
				CLANG_WARN_RANGE_LOOP_ANALYSIS = YES;
				CLANG_WARN_STRICT_PROTOTYPES = YES;
				CLANG_WARN_SUSPICIOUS_MOVE = YES;
				CLANG_WARN_UNGUARDED_AVAILABILITY = YES_AGGRESSIVE;
				CLANG_WARN_UNREACHABLE_CODE = YES;
				CLANG_WARN__DUPLICATE_METHOD_MATCH = YES;
				COPY_PHASE_STRIP = NO;
				DEBUG_INFORMATION_FORMAT = "dwarf-with-dsym";
				ENABLE_NS_ASSERTIONS = NO;
				ENABLE_STRICT_OBJC_MSGSEND = YES;
				GCC_C_LANGUAGE_STANDARD = gnu11;
				GCC_NO_COMMON_BLOCKS = YES;
				GCC_WARN_64_TO_32_BIT_CONVERSION = YES;
				GCC_WARN_ABOUT_RETURN_TYPE = YES_ERROR;
				GCC_WARN_UNDECLARED_SELECTOR = YES;
				GCC_WARN_UNINITIALIZED_AUTOS = YES_AGGRESSIVE;
				GCC_WARN_UNUSED_FUNCTION = YES;
				GCC_WARN_UNUSED_VARIABLE = YES;
				MACOSX_DEPLOYMENT_TARGET = 10.15;
				MTL_ENABLE_DEBUG_INFO = NO;
				MTL_FAST_MATH = YES;
				SDKROOT = macosx;
				SWIFT_COMPILATION_MODE = wholemodule;
				SWIFT_OPTIMIZATION_LEVEL = "-O";
			};
			name = Release;
		};
		25C112F024DE67480067BAFE /* Debug */ = {
			isa = XCBuildConfiguration;
			buildSettings = {
				ASSETCATALOG_COMPILER_APPICON_NAME = AppIcon;
				CODE_SIGN_ENTITLEMENTS = "Taipei Maps/Taipei_Maps.entitlements";
				CODE_SIGN_STYLE = Automatic;
				COMBINE_HIDPI_IMAGES = YES;
				DEVELOPMENT_TEAM = ZQQXZWEJB5;
				ENABLE_HARDENED_RUNTIME = YES;
				INFOPLIST_FILE = "Taipei Maps/Info.plist";
				LD_RUNPATH_SEARCH_PATHS = (
					"$(inherited)",
					"@executable_path/../Frameworks",
				);
				MACOSX_DEPLOYMENT_TARGET = 10.13;
				PRODUCT_BUNDLE_IDENTIFIER = site.riddleling.macapp.taipeimaps;
				PRODUCT_NAME = "$(TARGET_NAME)";
				SWIFT_VERSION = 5.0;
			};
			name = Debug;
		};
		25C112F124DE67480067BAFE /* Release */ = {
			isa = XCBuildConfiguration;
			buildSettings = {
				ASSETCATALOG_COMPILER_APPICON_NAME = AppIcon;
				CODE_SIGN_ENTITLEMENTS = "Taipei Maps/Taipei_Maps.entitlements";
				CODE_SIGN_STYLE = Automatic;
				COMBINE_HIDPI_IMAGES = YES;
				DEVELOPMENT_TEAM = ZQQXZWEJB5;
				ENABLE_HARDENED_RUNTIME = YES;
				INFOPLIST_FILE = "Taipei Maps/Info.plist";
				LD_RUNPATH_SEARCH_PATHS = (
					"$(inherited)",
					"@executable_path/../Frameworks",
				);
				MACOSX_DEPLOYMENT_TARGET = 10.13;
				PRODUCT_BUNDLE_IDENTIFIER = site.riddleling.macapp.taipeimaps;
				PRODUCT_NAME = "$(TARGET_NAME)";
				SWIFT_VERSION = 5.0;
			};
			name = Release;
		};
/* End XCBuildConfiguration section */

/* Begin XCConfigurationList section */
		25C112DA24DE67460067BAFE /* Build configuration list for PBXProject "Taipei Maps" */ = {
			isa = XCConfigurationList;
			buildConfigurations = (
				25C112ED24DE67480067BAFE /* Debug */,
				25C112EE24DE67480067BAFE /* Release */,
			);
			defaultConfigurationIsVisible = 0;
			defaultConfigurationName = Release;
		};
		25C112EF24DE67480067BAFE /* Build configuration list for PBXNativeTarget "Taipei Maps" */ = {
			isa = XCConfigurationList;
			buildConfigurations = (
				25C112F024DE67480067BAFE /* Debug */,
				25C112F124DE67480067BAFE /* Release */,
			);
			defaultConfigurationIsVisible = 0;
			defaultConfigurationName = Release;
		};
/* End XCConfigurationList section */
	};
	rootObject = 25C112D724DE67460067BAFE /* Project object */;
}
